PODS:
  - mailcore2-ios (0.6.4)

DEPENDENCIES:
  - mailcore2-ios (~> 0.6)

SPEC REPOS:
  https://github.com/cocoapods/specs.git:
    - mailcore2-ios

SPEC CHECKSUMS:
  mailcore2-ios: 3ff0be2fa553d4da9c11d39c11d51863c768f24f

PODFILE CHECKSUM: 88d91a67ffd26fc716436fcc5401a23154ff99fc

COCOAPODS: 1.5.2
