// !$*UTF8*$!
{
	archiveVersion = 1;
	classes = {
	};
	objectVersion = 50;
	objects = {

/* Begin PBXBuildFile section */
		FA461B362275A87700D9940A /* AppDelegate.swift in Sources */ = {isa = PBXBuildFile; fileRef = FA461B352275A87700D9940A /* AppDelegate.swift */; };
		FA461B382275A87700D9940A /* ViewController.swift in Sources */ = {isa = PBXBuildFile; fileRef = FA461B372275A87700D9940A /* ViewController.swift */; };
		FA461B3B2275A87700D9940A /* Main.storyboard in Resources */ = {isa = PBXBuildFile; fileRef = FA461B392275A87700D9940A /* Main.storyboard */; settings = {ASSET_TAGS = ("INPUT EMAIL", ); }; };
		FA461B3D2275A87A00D9940A /* Assets.xcassets in Resources */ = {isa = PBXBuildFile; fileRef = FA461B3C2275A87A00D9940A /* Assets.xcassets */; };
		FA461B402275A87A00D9940A /* LaunchScreen.storyboard in Resources */ = {isa = PBXBuildFile; fileRef = FA461B3E2275A87A00D9940A /* LaunchScreen.storyboard */; };
		FA461B4B2275A87A00D9940A /* EmailSwiftTests.swift in Sources */ = {isa = PBXBuildFile; fileRef = FA461B4A2275A87A00D9940A /* EmailSwiftTests.swift */; };
		FA461B562275A87A00D9940A /* EmailSwiftUITests.swift in Sources */ = {isa = PBXBuildFile; fileRef = FA461B552275A87A00D9940A /* EmailSwiftUITests.swift */; };
		FAA8793E228F29F400A356DF /* ConectMail.swift in Sources */ = {isa = PBXBuildFile; fileRef = FAA8793D228F29F400A356DF /* ConectMail.swift */; };
		FAA87940228F2B3D00A356DF /* Constants.swift in Sources */ = {isa = PBXBuildFile; fileRef = FAA8793F228F2B3D00A356DF /* Constants.swift */; };
/* End PBXBuildFile section */

/* Begin PBXContainerItemProxy section */
		FA461B472275A87A00D9940A /* PBXContainerItemProxy */ = {
			isa = PBXContainerItemProxy;
			containerPortal = FA461B2A2275A87700D9940A /* Project object */;
			proxyType = 1;
			remoteGlobalIDString = FA461B312275A87700D9940A;
			remoteInfo = EmailSwift;
		};
		FA461B522275A87A00D9940A /* PBXContainerItemProxy */ = {
			isa = PBXContainerItemProxy;
			containerPortal = FA461B2A2275A87700D9940A /* Project object */;
			proxyType = 1;
			remoteGlobalIDString = FA461B312275A87700D9940A;
			remoteInfo = EmailSwift;
		};
/* End PBXContainerItemProxy section */

/* Begin PBXFileReference section */
		FA461B322275A87700D9940A /* EmailSwift.app */ = {isa = PBXFileReference; explicitFileType = wrapper.application; includeInIndex = 0; path = EmailSwift.app; sourceTree = BUILT_PRODUCTS_DIR; };
		FA461B352275A87700D9940A /* AppDelegate.swift */ = {isa = PBXFileReference; lastKnownFileType = sourcecode.swift; path = AppDelegate.swift; sourceTree = "<group>"; };
		FA461B372275A87700D9940A /* ViewController.swift */ = {isa = PBXFileReference; lastKnownFileType = sourcecode.swift; path = ViewController.swift; sourceTree = "<group>"; };
		FA461B3A2275A87700D9940A /* Base */ = {isa = PBXFileReference; lastKnownFileType = file.storyboard; name = Base; path = Base.lproj/Main.storyboard; sourceTree = "<group>"; };
		FA461B3C2275A87A00D9940A /* Assets.xcassets */ = {isa = PBXFileReference; lastKnownFileType = folder.assetcatalog; path = Assets.xcassets; sourceTree = "<group>"; };
		FA461B3F2275A87A00D9940A /* Base */ = {isa = PBXFileReference; lastKnownFileType = file.storyboard; name = Base; path = Base.lproj/LaunchScreen.storyboard; sourceTree = "<group>"; };
		FA461B412275A87A00D9940A /* Info.plist */ = {isa = PBXFileReference; lastKnownFileType = text.plist.xml; path = Info.plist; sourceTree = "<group>"; };
		FA461B462275A87A00D9940A /* EmailSwiftTests.xctest */ = {isa = PBXFileReference; explicitFileType = wrapper.cfbundle; includeInIndex = 0; path = EmailSwiftTests.xctest; sourceTree = BUILT_PRODUCTS_DIR; };
		FA461B4A2275A87A00D9940A /* EmailSwiftTests.swift */ = {isa = PBXFileReference; lastKnownFileType = sourcecode.swift; path = EmailSwiftTests.swift; sourceTree = "<group>"; };
		FA461B4C2275A87A00D9940A /* Info.plist */ = {isa = PBXFileReference; lastKnownFileType = text.plist.xml; path = Info.plist; sourceTree = "<group>"; };
		FA461B512275A87A00D9940A /* EmailSwiftUITests.xctest */ = {isa = PBXFileReference; explicitFileType = wrapper.cfbundle; includeInIndex = 0; path = EmailSwiftUITests.xctest; sourceTree = BUILT_PRODUCTS_DIR; };
		FA461B552275A87A00D9940A /* EmailSwiftUITests.swift */ = {isa = PBXFileReference; lastKnownFileType = sourcecode.swift; path = EmailSwiftUITests.swift; sourceTree = "<group>"; };
		FA461B572275A87A00D9940A /* Info.plist */ = {isa = PBXFileReference; lastKnownFileType = text.plist.xml; path = Info.plist; sourceTree = "<group>"; };
		FAA8793D228F29F400A356DF /* ConectMail.swift */ = {isa = PBXFileReference; lastKnownFileType = sourcecode.swift; path = ConectMail.swift; sourceTree = "<group>"; };
		FAA8793F228F2B3D00A356DF /* Constants.swift */ = {isa = PBXFileReference; lastKnownFileType = sourcecode.swift; path = Constants.swift; sourceTree = "<group>"; };
/* End PBXFileReference section */

/* Begin PBXFrameworksBuildPhase section */
		FA461B2F2275A87700D9940A /* Frameworks */ = {
			isa = PBXFrameworksBuildPhase;
			buildActionMask = 2147483647;
			files = (
			);
			runOnlyForDeploymentPostprocessing = 0;
		};
		FA461B432275A87A00D9940A /* Frameworks */ = {
			isa = PBXFrameworksBuildPhase;
			buildActionMask = 2147483647;
			files = (
			);
			runOnlyForDeploymentPostprocessing = 0;
		};
		FA461B4E2275A87A00D9940A /* Frameworks */ = {
			isa = PBXFrameworksBuildPhase;
			buildActionMask = 2147483647;
			files = (
			);
			runOnlyForDeploymentPostprocessing = 0;
		};
/* End PBXFrameworksBuildPhase section */

/* Begin PBXGroup section */
		FA461B292275A87700D9940A = {
			isa = PBXGroup;
			children = (
				FA461B342275A87700D9940A /* EmailSwift */,
				FA461B492275A87A00D9940A /* EmailSwiftTests */,
				FA461B542275A87A00D9940A /* EmailSwiftUITests */,
				FA461B332275A87700D9940A /* Products */,
			);
			sourceTree = "<group>";
		};
		FA461B332275A87700D9940A /* Products */ = {
			isa = PBXGroup;
			children = (
				FA461B322275A87700D9940A /* EmailSwift.app */,
				FA461B462275A87A00D9940A /* EmailSwiftTests.xctest */,
				FA461B512275A87A00D9940A /* EmailSwiftUITests.xctest */,
			);
			name = Products;
			sourceTree = "<group>";
		};
		FA461B342275A87700D9940A /* EmailSwift */ = {
			isa = PBXGroup;
			children = (
				FA461B352275A87700D9940A /* AppDelegate.swift */,
				FA461B372275A87700D9940A /* ViewController.swift */,
				FA461B392275A87700D9940A /* Main.storyboard */,
				FAA8793D228F29F400A356DF /* ConectMail.swift */,
				FAA8793F228F2B3D00A356DF /* Constants.swift */,
				FA461B3C2275A87A00D9940A /* Assets.xcassets */,
				FA461B3E2275A87A00D9940A /* LaunchScreen.storyboard */,
				FA461B412275A87A00D9940A /* Info.plist */,
			);
			path = EmailSwift;
			sourceTree = "<group>";
		};
		FA461B492275A87A00D9940A /* EmailSwiftTests */ = {
			isa = PBXGroup;
			children = (
				FA461B4A2275A87A00D9940A /* EmailSwiftTests.swift */,
				FA461B4C2275A87A00D9940A /* Info.plist */,
			);
			path = EmailSwiftTests;
			sourceTree = "<group>";
		};
		FA461B542275A87A00D9940A /* EmailSwiftUITests */ = {
			isa = PBXGroup;
			children = (
				FA461B552275A87A00D9940A /* EmailSwiftUITests.swift */,
				FA461B572275A87A00D9940A /* Info.plist */,
			);
			path = EmailSwiftUITests;
			sourceTree = "<group>";
		};
/* End PBXGroup section */

/* Begin PBXNativeTarget section */
		FA461B312275A87700D9940A /* EmailSwift */ = {
			isa = PBXNativeTarget;
			buildConfigurationList = FA461B5A2275A87A00D9940A /* Build configuration list for PBXNativeTarget "EmailSwift" */;
			buildPhases = (
				FA461B2E2275A87700D9940A /* Sources */,
				FA461B2F2275A87700D9940A /* Frameworks */,
				FA461B302275A87700D9940A /* Resources */,
			);
			buildRules = (
			);
			dependencies = (
			);
			name = EmailSwift;
			productName = EmailSwift;
			productReference = FA461B322275A87700D9940A /* EmailSwift.app */;
			productType = "com.apple.product-type.application";
		};
		FA461B452275A87A00D9940A /* EmailSwiftTests */ = {
			isa = PBXNativeTarget;
			buildConfigurationList = FA461B5D2275A87A00D9940A /* Build configuration list for PBXNativeTarget "EmailSwiftTests" */;
			buildPhases = (
				FA461B422275A87A00D9940A /* Sources */,
				FA461B432275A87A00D9940A /* Frameworks */,
				FA461B442275A87A00D9940A /* Resources */,
			);
			buildRules = (
			);
			dependencies = (
				FA461B482275A87A00D9940A /* PBXTargetDependency */,
			);
			name = EmailSwiftTests;
			productName = EmailSwiftTests;
			productReference = FA461B462275A87A00D9940A /* EmailSwiftTests.xctest */;
			productType = "com.apple.product-type.bundle.unit-test";
		};
		FA461B502275A87A00D9940A /* EmailSwiftUITests */ = {
			isa = PBXNativeTarget;
			buildConfigurationList = FA461B602275A87A00D9940A /* Build configuration list for PBXNativeTarget "EmailSwiftUITests" */;
			buildPhases = (
				FA461B4D2275A87A00D9940A /* Sources */,
				FA461B4E2275A87A00D9940A /* Frameworks */,
				FA461B4F2275A87A00D9940A /* Resources */,
			);
			buildRules = (
			);
			dependencies = (
				FA461B532275A87A00D9940A /* PBXTargetDependency */,
			);
			name = EmailSwiftUITests;
			productName = EmailSwiftUITests;
			productReference = FA461B512275A87A00D9940A /* EmailSwiftUITests.xctest */;
			productType = "com.apple.product-type.bundle.ui-testing";
		};
/* End PBXNativeTarget section */

/* Begin PBXProject section */
		FA461B2A2275A87700D9940A /* Project object */ = {
			isa = PBXProject;
			attributes = {
				KnownAssetTags = (
					"INPUT EMAIL",
				);
				LastSwiftUpdateCheck = 1020;
				LastUpgradeCheck = 1020;
				ORGANIZATIONNAME = "Алексей";
				TargetAttributes = {
					FA461B312275A87700D9940A = {
						CreatedOnToolsVersion = 10.2.1;
					};
					FA461B452275A87A00D9940A = {
						CreatedOnToolsVersion = 10.2.1;
						TestTargetID = FA461B312275A87700D9940A;
					};
					FA461B502275A87A00D9940A = {
						CreatedOnToolsVersion = 10.2.1;
						TestTargetID = FA461B312275A87700D9940A;
					};
				};
			};
			buildConfigurationList = FA461B2D2275A87700D9940A /* Build configuration list for PBXProject "EmailSwift" */;
			compatibilityVersion = "Xcode 9.3";
			developmentRegion = en;
			hasScannedForEncodings = 0;
			knownRegions = (
				en,
				Base,
			);
			mainGroup = FA461B292275A87700D9940A;
			productRefGroup = FA461B332275A87700D9940A /* Products */;
			projectDirPath = "";
			projectRoot = "";
			targets = (
				FA461B312275A87700D9940A /* EmailSwift */,
				FA461B452275A87A00D9940A /* EmailSwiftTests */,
				FA461B502275A87A00D9940A /* EmailSwiftUITests */,
			);
		};
/* End PBXProject section */

/* Begin PBXResourcesBuildPhase section */
		FA461B302275A87700D9940A /* Resources */ = {
			isa = PBXResourcesBuildPhase;
			buildActionMask = 2147483647;
			files = (
				FA461B402275A87A00D9940A /* LaunchScreen.storyboard in Resources */,
				FA461B3D2275A87A00D9940A /* Assets.xcassets in Resources */,
				FA461B3B2275A87700D9940A /* Main.storyboard in Resources */,
			);
			runOnlyForDeploymentPostprocessing = 0;
		};
		FA461B442275A87A00D9940A /* Resources */ = {
			isa = PBXResourcesBuildPhase;
			buildActionMask = 2147483647;
			files = (
			);
			runOnlyForDeploymentPostprocessing = 0;
		};
		FA461B4F2275A87A00D9940A /* Resources */ = {
			isa = PBXResourcesBuildPhase;
			buildActionMask = 2147483647;
			files = (
			);
			runOnlyForDeploymentPostprocessing = 0;
		};
/* End PBXResourcesBuildPhase section */

/* Begin PBXSourcesBuildPhase section */
		FA461B2E2275A87700D9940A /* Sources */ = {
			isa = PBXSourcesBuildPhase;
			buildActionMask = 2147483647;
			files = (
				FA461B382275A87700D9940A /* ViewController.swift in Sources */,
				FA461B362275A87700D9940A /* AppDelegate.swift in Sources */,
				FAA8793E228F29F400A356DF /* ConectMail.swift in Sources */,
				FAA87940228F2B3D00A356DF /* Constants.swift in Sources */,
			);
			runOnlyForDeploymentPostprocessing = 0;
		};
		FA461B422275A87A00D9940A /* Sources */ = {
			isa = PBXSourcesBuildPhase;
			buildActionMask = 2147483647;
			files = (
				FA461B4B2275A87A00D9940A /* EmailSwiftTests.swift in Sources */,
			);
			runOnlyForDeploymentPostprocessing = 0;
		};
		FA461B4D2275A87A00D9940A /* Sources */ = {
			isa = PBXSourcesBuildPhase;
			buildActionMask = 2147483647;
			files = (
				FA461B562275A87A00D9940A /* EmailSwiftUITests.swift in Sources */,
			);
			runOnlyForDeploymentPostprocessing = 0;
		};
/* End PBXSourcesBuildPhase section */

/* Begin PBXTargetDependency section */
		FA461B482275A87A00D9940A /* PBXTargetDependency */ = {
			isa = PBXTargetDependency;
			target = FA461B312275A87700D9940A /* EmailSwift */;
			targetProxy = FA461B472275A87A00D9940A /* PBXContainerItemProxy */;
		};
		FA461B532275A87A00D9940A /* PBXTargetDependency */ = {
			isa = PBXTargetDependency;
			target = FA461B312275A87700D9940A /* EmailSwift */;
			targetProxy = FA461B522275A87A00D9940A /* PBXContainerItemProxy */;
		};
/* End PBXTargetDependency section */

/* Begin PBXVariantGroup section */
		FA461B392275A87700D9940A /* Main.storyboard */ = {
			isa = PBXVariantGroup;
			children = (
				FA461B3A2275A87700D9940A /* Base */,
			);
			name = Main.storyboard;
			sourceTree = "<group>";
		};
		FA461B3E2275A87A00D9940A /* LaunchScreen.storyboard */ = {
			isa = PBXVariantGroup;
			children = (
				FA461B3F2275A87A00D9940A /* Base */,
			);
			name = LaunchScreen.storyboard;
			sourceTree = "<group>";
		};
/* End PBXVariantGroup section */

/* Begin XCBuildConfiguration section */
		FA461B582275A87A00D9940A /* Debug */ = {
			isa = XCBuildConfiguration;
			buildSettings = {
				ALWAYS_SEARCH_USER_PATHS = NO;
				CLANG_ANALYZER_NONNULL = YES;
				CLANG_ANALYZER_NUMBER_OBJECT_CONVERSION = YES_AGGRESSIVE;
				CLANG_CXX_LANGUAGE_STANDARD = "gnu++14";
				CLANG_CXX_LIBRARY = "libc++";
				CLANG_ENABLE_MODULES = YES;
				CLANG_ENABLE_OBJC_ARC = YES;
				CLANG_ENABLE_OBJC_WEAK = YES;
				CLANG_WARN_BLOCK_CAPTURE_AUTORELEASING = YES;
				CLANG_WARN_BOOL_CONVERSION = YES;
				CLANG_WARN_COMMA = YES;
				CLANG_WARN_CONSTANT_CONVERSION = YES;
				CLANG_WARN_DEPRECATED_OBJC_IMPLEMENTATIONS = YES;
				CLANG_WARN_DIRECT_OBJC_ISA_USAGE = YES_ERROR;
				CLANG_WARN_DOCUMENTATION_COMMENTS = YES;
				CLANG_WARN_EMPTY_BODY = YES;
				CLANG_WARN_ENUM_CONVERSION = YES;
				CLANG_WARN_INFINITE_RECURSION = YES;
				CLANG_WARN_INT_CONVERSION = YES;
				CLANG_WARN_NON_LITERAL_NULL_CONVERSION = YES;
				CLANG_WARN_OBJC_IMPLICIT_RETAIN_SELF = YES;
				CLANG_WARN_OBJC_LITERAL_CONVERSION = YES;
				CLANG_WARN_OBJC_ROOT_CLASS = YES_ERROR;
				CLANG_WARN_RANGE_LOOP_ANALYSIS = YES;
				CLANG_WARN_STRICT_PROTOTYPES = YES;
				CLANG_WARN_SUSPICIOUS_MOVE = YES;
				CLANG_WARN_UNGUARDED_AVAILABILITY = YES_AGGRESSIVE;
				CLANG_WARN_UNREACHABLE_CODE = YES;
				CLANG_WARN__DUPLICATE_METHOD_MATCH = YES;
				CODE_SIGN_IDENTITY = "iPhone Developer";
				COPY_PHASE_STRIP = NO;
				DEBUG_INFORMATION_FORMAT = dwarf;
				ENABLE_STRICT_OBJC_MSGSEND = YES;
				ENABLE_TESTABILITY = YES;
				GCC_C_LANGUAGE_STANDARD = gnu11;
				GCC_DYNAMIC_NO_PIC = NO;
				GCC_NO_COMMON_BLOCKS = YES;
				GCC_OPTIMIZATION_LEVEL = 0;
				GCC_PREPROCESSOR_DEFINITIONS = (
					"DEBUG=1",
					"$(inherited)",
				);
				GCC_WARN_64_TO_32_BIT_CONVERSION = YES;
				GCC_WARN_ABOUT_RETURN_TYPE = YES_ERROR;
				GCC_WARN_UNDECLARED_SELECTOR = YES;
				GCC_WARN_UNINITIALIZED_AUTOS = YES_AGGRESSIVE;
				GCC_WARN_UNUSED_FUNCTION = YES;
				GCC_WARN_UNUSED_VARIABLE = YES;
				IPHONEOS_DEPLOYMENT_TARGET = 12.2;
				MTL_ENABLE_DEBUG_INFO = INCLUDE_SOURCE;
				MTL_FAST_MATH = YES;
				ONLY_ACTIVE_ARCH = YES;
				SDKROOT = iphoneos;
				SWIFT_ACTIVE_COMPILATION_CONDITIONS = DEBUG;
				SWIFT_OPTIMIZATION_LEVEL = "-Onone";
			};
			name = Debug;
		};
		FA461B592275A87A00D9940A /* Release */ = {
			isa = XCBuildConfiguration;
			buildSettings = {
				ALWAYS_SEARCH_USER_PATHS = NO;
				CLANG_ANALYZER_NONNULL = YES;
				CLANG_ANALYZER_NUMBER_OBJECT_CONVERSION = YES_AGGRESSIVE;
				CLANG_CXX_LANGUAGE_STANDARD = "gnu++14";
				CLANG_CXX_LIBRARY = "libc++";
				CLANG_ENABLE_MODULES = YES;
				CLANG_ENABLE_OBJC_ARC = YES;
				CLANG_ENABLE_OBJC_WEAK = YES;
				CLANG_WARN_BLOCK_CAPTURE_AUTORELEASING = YES;
				CLANG_WARN_BOOL_CONVERSION = YES;
				CLANG_WARN_COMMA = YES;
				CLANG_WARN_CONSTANT_CONVERSION = YES;
				CLANG_WARN_DEPRECATED_OBJC_IMPLEMENTATIONS = YES;
				CLANG_WARN_DIRECT_OBJC_ISA_USAGE = YES_ERROR;
				CLANG_WARN_DOCUMENTATION_COMMENTS = YES;
				CLANG_WARN_EMPTY_BODY = YES;
				CLANG_WARN_ENUM_CONVERSION = YES;
				CLANG_WARN_INFINITE_RECURSION = YES;
				CLANG_WARN_INT_CONVERSION = YES;
				CLANG_WARN_NON_LITERAL_NULL_CONVERSION = YES;
				CLANG_WARN_OBJC_IMPLICIT_RETAIN_SELF = YES;
				CLANG_WARN_OBJC_LITERAL_CONVERSION = YES;
				CLANG_WARN_OBJC_ROOT_CLASS = YES_ERROR;
				CLANG_WARN_RANGE_LOOP_ANALYSIS = YES;
				CLANG_WARN_STRICT_PROTOTYPES = YES;
				CLANG_WARN_SUSPICIOUS_MOVE = YES;
				CLANG_WARN_UNGUARDED_AVAILABILITY = YES_AGGRESSIVE;
				CLANG_WARN_UNREACHABLE_CODE = YES;
				CLANG_WARN__DUPLICATE_METHOD_MATCH = YES;
				CODE_SIGN_IDENTITY = "iPhone Developer";
				COPY_PHASE_STRIP = NO;
				DEBUG_INFORMATION_FORMAT = "dwarf-with-dsym";
				ENABLE_NS_ASSERTIONS = NO;
				ENABLE_STRICT_OBJC_MSGSEND = YES;
				GCC_C_LANGUAGE_STANDARD = gnu11;
				GCC_NO_COMMON_BLOCKS = YES;
				GCC_WARN_64_TO_32_BIT_CONVERSION = YES;
				GCC_WARN_ABOUT_RETURN_TYPE = YES_ERROR;
				GCC_WARN_UNDECLARED_SELECTOR = YES;
				GCC_WARN_UNINITIALIZED_AUTOS = YES_AGGRESSIVE;
				GCC_WARN_UNUSED_FUNCTION = YES;
				GCC_WARN_UNUSED_VARIABLE = YES;
				IPHONEOS_DEPLOYMENT_TARGET = 12.2;
				MTL_ENABLE_DEBUG_INFO = NO;
				MTL_FAST_MATH = YES;
				SDKROOT = iphoneos;
				SWIFT_COMPILATION_MODE = wholemodule;
				SWIFT_OPTIMIZATION_LEVEL = "-O";
				VALIDATE_PRODUCT = YES;
			};
			name = Release;
		};
		FA461B5B2275A87A00D9940A /* Debug */ = {
			isa = XCBuildConfiguration;
			buildSettings = {
				ASSETCATALOG_COMPILER_APPICON_NAME = AppIcon;
				CODE_SIGN_STYLE = Automatic;
				DEVELOPMENT_TEAM = YJJWT3N6UE;
				INFOPLIST_FILE = EmailSwift/Info.plist;
				LD_RUNPATH_SEARCH_PATHS = (
					"$(inherited)",
					"@executable_path/Frameworks",
				);
				PRODUCT_BUNDLE_IDENTIFIER = SPOVM.EmailSwift;
				PRODUCT_NAME = "$(TARGET_NAME)";
				SWIFT_VERSION = 5.0;
				TARGETED_DEVICE_FAMILY = "1,2";
			};
			name = Debug;
		};
		FA461B5C2275A87A00D9940A /* Release */ = {
			isa = XCBuildConfiguration;
			buildSettings = {
				ASSETCATALOG_COMPILER_APPICON_NAME = AppIcon;
				CODE_SIGN_STYLE = Automatic;
				DEVELOPMENT_TEAM = YJJWT3N6UE;
				INFOPLIST_FILE = EmailSwift/Info.plist;
				LD_RUNPATH_SEARCH_PATHS = (
					"$(inherited)",
					"@executable_path/Frameworks",
				);
				PRODUCT_BUNDLE_IDENTIFIER = SPOVM.EmailSwift;
				PRODUCT_NAME = "$(TARGET_NAME)";
				SWIFT_VERSION = 5.0;
				TARGETED_DEVICE_FAMILY = "1,2";
			};
			name = Release;
		};
		FA461B5E2275A87A00D9940A /* Debug */ = {
			isa = XCBuildConfiguration;
			buildSettings = {
				ALWAYS_EMBED_SWIFT_STANDARD_LIBRARIES = YES;
				BUNDLE_LOADER = "$(TEST_HOST)";
				CODE_SIGN_STYLE = Automatic;
				DEVELOPMENT_TEAM = YJJWT3N6UE;
				INFOPLIST_FILE = EmailSwiftTests/Info.plist;
				LD_RUNPATH_SEARCH_PATHS = (
					"$(inherited)",
					"@executable_path/Frameworks",
					"@loader_path/Frameworks",
				);
				PRODUCT_BUNDLE_IDENTIFIER = SPOVM.EmailSwiftTests;
				PRODUCT_NAME = "$(TARGET_NAME)";
				SWIFT_VERSION = 5.0;
				TARGETED_DEVICE_FAMILY = "1,2";
				TEST_HOST = "$(BUILT_PRODUCTS_DIR)/EmailSwift.app/EmailSwift";
			};
			name = Debug;
		};
		FA461B5F2275A87A00D9940A /* Release */ = {
			isa = XCBuildConfiguration;
			buildSettings = {
				ALWAYS_EMBED_SWIFT_STANDARD_LIBRARIES = YES;
				BUNDLE_LOADER = "$(TEST_HOST)";
				CODE_SIGN_STYLE = Automatic;
				DEVELOPMENT_TEAM = YJJWT3N6UE;
				INFOPLIST_FILE = EmailSwiftTests/Info.plist;
				LD_RUNPATH_SEARCH_PATHS = (
					"$(inherited)",
					"@executable_path/Frameworks",
					"@loader_path/Frameworks",
				);
				PRODUCT_BUNDLE_IDENTIFIER = SPOVM.EmailSwiftTests;
				PRODUCT_NAME = "$(TARGET_NAME)";
				SWIFT_VERSION = 5.0;
				TARGETED_DEVICE_FAMILY = "1,2";
				TEST_HOST = "$(BUILT_PRODUCTS_DIR)/EmailSwift.app/EmailSwift";
			};
			name = Release;
		};
		FA461B612275A87A00D9940A /* Debug */ = {
			isa = XCBuildConfiguration;
			buildSettings = {
				ALWAYS_EMBED_SWIFT_STANDARD_LIBRARIES = YES;
				CODE_SIGN_STYLE = Automatic;
				DEVELOPMENT_TEAM = YJJWT3N6UE;
				INFOPLIST_FILE = EmailSwiftUITests/Info.plist;
				LD_RUNPATH_SEARCH_PATHS = (
					"$(inherited)",
					"@executable_path/Frameworks",
					"@loader_path/Frameworks",
				);
				PRODUCT_BUNDLE_IDENTIFIER = SPOVM.EmailSwiftUITests;
				PRODUCT_NAME = "$(TARGET_NAME)";
				SWIFT_VERSION = 5.0;
				TARGETED_DEVICE_FAMILY = "1,2";
				TEST_TARGET_NAME = EmailSwift;
			};
			name = Debug;
		};
		FA461B622275A87A00D9940A /* Release */ = {
			isa = XCBuildConfiguration;
			buildSettings = {
				ALWAYS_EMBED_SWIFT_STANDARD_LIBRARIES = YES;
				CODE_SIGN_STYLE = Automatic;
				DEVELOPMENT_TEAM = YJJWT3N6UE;
				INFOPLIST_FILE = EmailSwiftUITests/Info.plist;
				LD_RUNPATH_SEARCH_PATHS = (
					"$(inherited)",
					"@executable_path/Frameworks",
					"@loader_path/Frameworks",
				);
				PRODUCT_BUNDLE_IDENTIFIER = SPOVM.EmailSwiftUITests;
				PRODUCT_NAME = "$(TARGET_NAME)";
				SWIFT_VERSION = 5.0;
				TARGETED_DEVICE_FAMILY = "1,2";
				TEST_TARGET_NAME = EmailSwift;
			};
			name = Release;
		};
/* End XCBuildConfiguration section */

/* Begin XCConfigurationList section */
		FA461B2D2275A87700D9940A /* Build configuration list for PBXProject "EmailSwift" */ = {
			isa = XCConfigurationList;
			buildConfigurations = (
				FA461B582275A87A00D9940A /* Debug */,
				FA461B592275A87A00D9940A /* Release */,
			);
			defaultConfigurationIsVisible = 0;
			defaultConfigurationName = Release;
		};
		FA461B5A2275A87A00D9940A /* Build configuration list for PBXNativeTarget "EmailSwift" */ = {
			isa = XCConfigurationList;
			buildConfigurations = (
				FA461B5B2275A87A00D9940A /* Debug */,
				FA461B5C2275A87A00D9940A /* Release */,
			);
			defaultConfigurationIsVisible = 0;
			defaultConfigurationName = Release;
		};
		FA461B5D2275A87A00D9940A /* Build configuration list for PBXNativeTarget "EmailSwiftTests" */ = {
			isa = XCConfigurationList;
			buildConfigurations = (
				FA461B5E2275A87A00D9940A /* Debug */,
				FA461B5F2275A87A00D9940A /* Release */,
			);
			defaultConfigurationIsVisible = 0;
			defaultConfigurationName = Release;
		};
		FA461B602275A87A00D9940A /* Build configuration list for PBXNativeTarget "EmailSwiftUITests" */ = {
			isa = XCConfigurationList;
			buildConfigurations = (
				FA461B612275A87A00D9940A /* Debug */,
				FA461B622275A87A00D9940A /* Release */,
			);
			defaultConfigurationIsVisible = 0;
			defaultConfigurationName = Release;
		};
/* End XCConfigurationList section */
	};
	rootObject = FA461B2A2275A87700D9940A /* Project object */;
}
